
Microsoft Visual Studio Solution File, Format Version 9.00
# Visual Studio 2005
Project("{FAE04EC0-301F-11D3-BF4B-00C04F79EFBC}") = "AdaptivePaymentsSampleApp.VS.2005", "AdaptivePaymentsSampleApp\AdaptivePaymentsSampleApp.VS.2005.csproj", "{AA2162C6-EC00-4903-8920-8B9652AAF685}"
EndProject
Global
	GlobalSection(SolutionConfigurationPlatforms) = preSolution
		Debug|Any CPU = Debug|Any CPU
		Release|Any CPU = Release|Any CPU
	EndGlobalSection
	GlobalSection(ProjectConfigurationPlatforms) = postSolution
		{AA2162C6-EC00-4903-8920-8B9652AAF685}.Debug|Any CPU.ActiveCfg = Debug|Any CPU
		{AA2162C6-EC00-4903-8920-8B9652AAF685}.Debug|Any CPU.Build.0 = Debug|Any CPU
		{AA2162C6-EC00-4903-8920-8B9652AAF685}.Release|Any CPU.ActiveCfg = Release|Any CPU
		{AA2162C6-EC00-4903-8920-8B9652AAF685}.Release|Any CPU.Build.0 = Release|Any CPU
	EndGlobalSection
	GlobalSection(SolutionProperties) = preSolution
		HideSolutionNode = FALSE
	EndGlobalSection
EndGlobal
